
Microsoft Visual Studio Solution File, Format Version 12.00
# Visual Studio Version 16
VisualStudioVersion = 16.0.32428.217
MinimumVisualStudioVersion = 10.0.40219.1
Project("{FAE04EC0-301F-11D3-BF4B-00C04F79EFBC}") = "EShopAdminApplication", "EShopAdminApplication\EShopAdminApplication.csproj", "{66EB2BA6-E797-4033-9877-8B66420395C5}"
EndProject
Global
	GlobalSection(SolutionConfigurationPlatforms) = preSolution
		Debug|Any CPU = Debug|Any CPU
		Release|Any CPU = Release|Any CPU
	EndGlobalSection
	GlobalSection(ProjectConfigurationPlatforms) = postSolution
		{66EB2BA6-E797-4033-9877-8B66420395C5}.Debug|Any CPU.ActiveCfg = Debug|Any CPU
		{66EB2BA6-E797-4033-9877-8B66420395C5}.Debug|Any CPU.Build.0 = Debug|Any CPU
		{66EB2BA6-E797-4033-9877-8B66420395C5}.Release|Any CPU.ActiveCfg = Release|Any CPU
		{66EB2BA6-E797-4033-9877-8B66420395C5}.Release|Any CPU.Build.0 = Release|Any CPU
	EndGlobalSection
	GlobalSection(SolutionProperties) = preSolution
		HideSolutionNode = FALSE
	EndGlobalSection
	GlobalSection(ExtensibilityGlobals) = postSolution
		SolutionGuid = {1D4A73FC-BD50-4530-AAED-7E07FACD97EF}
	EndGlobalSection
EndGlobal
